
Microsoft Visual Studio Solution File, Format Version 12.00
# Visual Studio 15
VisualStudioVersion = 15.0.28010.2041
MinimumVisualStudioVersion = 10.0.40219.1
Project("{FAE04EC0-301F-11D3-BF4B-00C04F79EFBC}") = "DefaultLanguageAnalyzer", "DefaultLanguageAnalyzer\DefaultLanguageAnalyzer\DefaultLanguageAnalyzer.csproj", "{C0D9F054-5B07-4CB9-8642-D5B6D13C43C6}"
EndProject
Project("{FAE04EC0-301F-11D3-BF4B-00C04F79EFBC}") = "DefaultLanguageAnalyzer.Vsix", "DefaultLanguageAnalyzer\DefaultLanguageAnalyzer.Vsix\DefaultLanguageAnalyzer.Vsix.csproj", "{0E31EDDC-BB80-49A8-8DEB-A5A67B3138B3}"
EndProject
Global
	GlobalSection(SolutionConfigurationPlatforms) = preSolution
		Debug|Any CPU = Debug|Any CPU
		Release|Any CPU = Release|Any CPU
	EndGlobalSection
	GlobalSection(ProjectConfigurationPlatforms) = postSolution
		{C0D9F054-5B07-4CB9-8642-D5B6D13C43C6}.Debug|Any CPU.ActiveCfg = Debug|Any CPU
		{C0D9F054-5B07-4CB9-8642-D5B6D13C43C6}.Debug|Any CPU.Build.0 = Debug|Any CPU
		{C0D9F054-5B07-4CB9-8642-D5B6D13C43C6}.Release|Any CPU.ActiveCfg = Release|Any CPU
		{C0D9F054-5B07-4CB9-8642-D5B6D13C43C6}.Release|Any CPU.Build.0 = Release|Any CPU
		{0E31EDDC-BB80-49A8-8DEB-A5A67B3138B3}.Debug|Any CPU.ActiveCfg = Debug|Any CPU
		{0E31EDDC-BB80-49A8-8DEB-A5A67B3138B3}.Debug|Any CPU.Build.0 = Debug|Any CPU
		{0E31EDDC-BB80-49A8-8DEB-A5A67B3138B3}.Release|Any CPU.ActiveCfg = Release|Any CPU
		{0E31EDDC-BB80-49A8-8DEB-A5A67B3138B3}.Release|Any CPU.Build.0 = Release|Any CPU
	EndGlobalSection
	GlobalSection(SolutionProperties) = preSolution
		HideSolutionNode = FALSE
	EndGlobalSection
	GlobalSection(ExtensibilityGlobals) = postSolution
		SolutionGuid = {72E584CC-B4C3-4D19-84E4-4ABCC9747E19}
	EndGlobalSection
EndGlobal
